// !$*UTF8*$!
{
	archiveVersion = 1;
	classes = {
	};
	objectVersion = 46;
	objects = {

/* Begin PBXBuildFile section */
		306DE7761A7B74B1003AA55C /* KitchenEngine.h in CopyFiles */ = {isa = PBXBuildFile; fileRef = 306DE7751A7B74B1003AA55C /* KitchenEngine.h */; };
		306DE7781A7B74B1003AA55C /* KitchenEngine.m in Sources */ = {isa = PBXBuildFile; fileRef = 306DE7771A7B74B1003AA55C /* KitchenEngine.m */; };
/* End PBXBuildFile section */

/* Begin PBXCopyFilesBuildPhase section */
		306DE7701A7B74B1003AA55C /* CopyFiles */ = {
			isa = PBXCopyFilesBuildPhase;
			buildActionMask = 2147483647;
			dstPath = "include/$(PRODUCT_NAME)";
			dstSubfolderSpec = 16;
			files = (
				306DE7761A7B74B1003AA55C /* KitchenEngine.h in CopyFiles */,
			);
			runOnlyForDeploymentPostprocessing = 0;
		};
/* End PBXCopyFilesBuildPhase section */

/* Begin PBXFileReference section */
		306DE7721A7B74B1003AA55C /* libKitchenEngine.a */ = {isa = PBXFileReference; explicitFileType = archive.ar; includeInIndex = 0; path = libKitchenEngine.a; sourceTree = BUILT_PRODUCTS_DIR; };
		306DE7751A7B74B1003AA55C /* KitchenEngine.h */ = {isa = PBXFileReference; lastKnownFileType = sourcecode.c.h; path = KitchenEngine.h; sourceTree = "<group>"; };
		306DE7771A7B74B1003AA55C /* KitchenEngine.m */ = {isa = PBXFileReference; lastKnownFileType = sourcecode.c.objc; path = KitchenEngine.m; sourceTree = "<group>"; };
		306DE77D1A7B74B1003AA55C /* KitchenEngineTests.xctest */ = {isa = PBXFileReference; explicitFileType = wrapper.cfbundle; includeInIndex = 0; path = KitchenEngineTests.xctest; sourceTree = BUILT_PRODUCTS_DIR; };
		306DE7801A7B74B1003AA55C /* Info.plist */ = {isa = PBXFileReference; lastKnownFileType = text.plist.xml; path = Info.plist; sourceTree = "<group>"; };
/* End PBXFileReference section */

/* Begin PBXFrameworksBuildPhase section */
		306DE76F1A7B74B1003AA55C /* Frameworks */ = {
			isa = PBXFrameworksBuildPhase;
			buildActionMask = 2147483647;
			files = (
			);
			runOnlyForDeploymentPostprocessing = 0;
		};
		306DE77A1A7B74B1003AA55C /* Frameworks */ = {
			isa = PBXFrameworksBuildPhase;
			buildActionMask = 2147483647;
			files = (
			);
			runOnlyForDeploymentPostprocessing = 0;
		};
/* End PBXFrameworksBuildPhase section */

/* Begin PBXGroup section */
		306DE7691A7B74B1003AA55C = {
			isa = PBXGroup;
			children = (
				306DE7741A7B74B1003AA55C /* KitchenEngine */,
				306DE77E1A7B74B1003AA55C /* KitchenEngineTests */,
				306DE7731A7B74B1003AA55C /* Products */,
			);
			sourceTree = "<group>";
		};
		306DE7731A7B74B1003AA55C /* Products */ = {
			isa = PBXGroup;
			children = (
				306DE7721A7B74B1003AA55C /* libKitchenEngine.a */,
				306DE77D1A7B74B1003AA55C /* KitchenEngineTests.xctest */,
			);
			name = Products;
			sourceTree = "<group>";
		};
		306DE7741A7B74B1003AA55C /* KitchenEngine */ = {
			isa = PBXGroup;
			children = (
				306DE7751A7B74B1003AA55C /* KitchenEngine.h */,
				306DE7771A7B74B1003AA55C /* KitchenEngine.m */,
			);
			path = KitchenEngine;
			sourceTree = "<group>";
		};
		306DE77E1A7B74B1003AA55C /* KitchenEngineTests */ = {
			isa = PBXGroup;
			children = (
				306DE77F1A7B74B1003AA55C /* Supporting Files */,
			);
			path = KitchenEngineTests;
			sourceTree = "<group>";
		};
		306DE77F1A7B74B1003AA55C /* Supporting Files */ = {
			isa = PBXGroup;
			children = (
				306DE7801A7B74B1003AA55C /* Info.plist */,
			);
			name = "Supporting Files";
			sourceTree = "<group>";
		};
/* End PBXGroup section */

/* Begin PBXNativeTarget section */
		306DE7711A7B74B1003AA55C /* KitchenEngine */ = {
			isa = PBXNativeTarget;
			buildConfigurationList = 306DE7831A7B74B1003AA55C /* Build configuration list for PBXNativeTarget "KitchenEngine" */;
			buildPhases = (
				306DE76E1A7B74B1003AA55C /* Sources */,
				306DE76F1A7B74B1003AA55C /* Frameworks */,
				306DE7701A7B74B1003AA55C /* CopyFiles */,
			);
			buildRules = (
			);
			dependencies = (
			);
			name = KitchenEngine;
			productName = KitchenEngine;
			productReference = 306DE7721A7B74B1003AA55C /* libKitchenEngine.a */;
			productType = "com.apple.product-type.library.static";
		};
		306DE77C1A7B74B1003AA55C /* KitchenEngineTests */ = {
			isa = PBXNativeTarget;
			buildConfigurationList = 306DE7861A7B74B1003AA55C /* Build configuration list for PBXNativeTarget "KitchenEngineTests" */;
			buildPhases = (
				306DE7791A7B74B1003AA55C /* Sources */,
				306DE77A1A7B74B1003AA55C /* Frameworks */,
				306DE77B1A7B74B1003AA55C /* Resources */,
			);
			buildRules = (
			);
			dependencies = (
			);
			name = KitchenEngineTests;
			productName = KitchenEngineTests;
			productReference = 306DE77D1A7B74B1003AA55C /* KitchenEngineTests.xctest */;
			productType = "com.apple.product-type.bundle.unit-test";
		};
/* End PBXNativeTarget section */

/* Begin PBXProject section */
		306DE76A1A7B74B1003AA55C /* Project object */ = {
			isa = PBXProject;
			attributes = {
				LastUpgradeCheck = 0600;
				ORGANIZATIONNAME = fri;
				TargetAttributes = {
					306DE7711A7B74B1003AA55C = {
						CreatedOnToolsVersion = 6.0.1;
					};
					306DE77C1A7B74B1003AA55C = {
						CreatedOnToolsVersion = 6.0.1;
					};
				};
			};
			buildConfigurationList = 306DE76D1A7B74B1003AA55C /* Build configuration list for PBXProject "KitchenEngine" */;
			compatibilityVersion = "Xcode 3.2";
			developmentRegion = English;
			hasScannedForEncodings = 0;
			knownRegions = (
				en,
			);
			mainGroup = 306DE7691A7B74B1003AA55C;
			productRefGroup = 306DE7731A7B74B1003AA55C /* Products */;
			projectDirPath = "";
			projectRoot = "";
			targets = (
				306DE7711A7B74B1003AA55C /* KitchenEngine */,
				306DE77C1A7B74B1003AA55C /* KitchenEngineTests */,
			);
		};
/* End PBXProject section */

/* Begin PBXResourcesBuildPhase section */
		306DE77B1A7B74B1003AA55C /* Resources */ = {
			isa = PBXResourcesBuildPhase;
			buildActionMask = 2147483647;
			files = (
			);
			runOnlyForDeploymentPostprocessing = 0;
		};
/* End PBXResourcesBuildPhase section */

/* Begin PBXSourcesBuildPhase section */
		306DE76E1A7B74B1003AA55C /* Sources */ = {
			isa = PBXSourcesBuildPhase;
			buildActionMask = 2147483647;
			files = (
				306DE7781A7B74B1003AA55C /* KitchenEngine.m in Sources */,
			);
			runOnlyForDeploymentPostprocessing = 0;
		};
		306DE7791A7B74B1003AA55C /* Sources */ = {
			isa = PBXSourcesBuildPhase;
			buildActionMask = 2147483647;
			files = (
			);
			runOnlyForDeploymentPostprocessing = 0;
		};
/* End PBXSourcesBuildPhase section */

/* Begin XCBuildConfiguration section */
		306DE7811A7B74B1003AA55C /* Debug */ = {
			isa = XCBuildConfiguration;
			buildSettings = {
				ALWAYS_SEARCH_USER_PATHS = NO;
				CLANG_CXX_LANGUAGE_STANDARD = "gnu++0x";
				CLANG_CXX_LIBRARY = "libc++";
				CLANG_ENABLE_MODULES = YES;
				CLANG_ENABLE_OBJC_ARC = YES;
				CLANG_WARN_BOOL_CONVERSION = YES;
				CLANG_WARN_CONSTANT_CONVERSION = YES;
				CLANG_WARN_DIRECT_OBJC_ISA_USAGE = YES_ERROR;
				CLANG_WARN_EMPTY_BODY = YES;
				CLANG_WARN_ENUM_CONVERSION = YES;
				CLANG_WARN_INT_CONVERSION = YES;
				CLANG_WARN_OBJC_ROOT_CLASS = YES_ERROR;
				CLANG_WARN_UNREACHABLE_CODE = YES;
				CLANG_WARN__DUPLICATE_METHOD_MATCH = YES;
				COPY_PHASE_STRIP = NO;
				ENABLE_STRICT_OBJC_MSGSEND = YES;
				GCC_C_LANGUAGE_STANDARD = gnu99;
				GCC_DYNAMIC_NO_PIC = NO;
				GCC_OPTIMIZATION_LEVEL = 0;
				GCC_PREPROCESSOR_DEFINITIONS = (
					"DEBUG=1",
					"$(inherited)",
				);
				GCC_SYMBOLS_PRIVATE_EXTERN = NO;
				GCC_WARN_64_TO_32_BIT_CONVERSION = YES;
				GCC_WARN_ABOUT_RETURN_TYPE = YES_ERROR;
				GCC_WARN_UNDECLARED_SELECTOR = YES;
				GCC_WARN_UNINITIALIZED_AUTOS = YES_AGGRESSIVE;
				GCC_WARN_UNUSED_FUNCTION = YES;
				GCC_WARN_UNUSED_VARIABLE = YES;
				IPHONEOS_DEPLOYMENT_TARGET = 8.0;
				MTL_ENABLE_DEBUG_INFO = YES;
				ONLY_ACTIVE_ARCH = YES;
				SDKROOT = iphoneos;
			};
			name = Debug;
		};
		306DE7821A7B74B1003AA55C /* Release */ = {
			isa = XCBuildConfiguration;
			buildSettings = {
				ALWAYS_SEARCH_USER_PATHS = NO;
				CLANG_CXX_LANGUAGE_STANDARD = "gnu++0x";
				CLANG_CXX_LIBRARY = "libc++";
				CLANG_ENABLE_MODULES = YES;
				CLANG_ENABLE_OBJC_ARC = YES;
				CLANG_WARN_BOOL_CONVERSION = YES;
				CLANG_WARN_CONSTANT_CONVERSION = YES;
				CLANG_WARN_DIRECT_OBJC_ISA_USAGE = YES_ERROR;
				CLANG_WARN_EMPTY_BODY = YES;
				CLANG_WARN_ENUM_CONVERSION = YES;
				CLANG_WARN_INT_CONVERSION = YES;
				CLANG_WARN_OBJC_ROOT_CLASS = YES_ERROR;
				CLANG_WARN_UNREACHABLE_CODE = YES;
				CLANG_WARN__DUPLICATE_METHOD_MATCH = YES;
				COPY_PHASE_STRIP = YES;
				ENABLE_NS_ASSERTIONS = NO;
				ENABLE_STRICT_OBJC_MSGSEND = YES;
				GCC_C_LANGUAGE_STANDARD = gnu99;
				GCC_WARN_64_TO_32_BIT_CONVERSION = YES;
				GCC_WARN_ABOUT_RETURN_TYPE = YES_ERROR;
				GCC_WARN_UNDECLARED_SELECTOR = YES;
				GCC_WARN_UNINITIALIZED_AUTOS = YES_AGGRESSIVE;
				GCC_WARN_UNUSED_FUNCTION = YES;
				GCC_WARN_UNUSED_VARIABLE = YES;
				IPHONEOS_DEPLOYMENT_TARGET = 8.0;
				MTL_ENABLE_DEBUG_INFO = NO;
				SDKROOT = iphoneos;
				VALIDATE_PRODUCT = YES;
			};
			name = Release;
		};
		306DE7841A7B74B1003AA55C /* Debug */ = {
			isa = XCBuildConfiguration;
			buildSettings = {
				OTHER_LDFLAGS = "-ObjC";
				PRODUCT_NAME = "$(TARGET_NAME)";
				SKIP_INSTALL = YES;
			};
			name = Debug;
		};
		306DE7851A7B74B1003AA55C /* Release */ = {
			isa = XCBuildConfiguration;
			buildSettings = {
				OTHER_LDFLAGS = "-ObjC";
				PRODUCT_NAME = "$(TARGET_NAME)";
				SKIP_INSTALL = YES;
			};
			name = Release;
		};
		306DE7871A7B74B1003AA55C /* Debug */ = {
			isa = XCBuildConfiguration;
			buildSettings = {
				FRAMEWORK_SEARCH_PATHS = (
					"$(SDKROOT)/Developer/Library/Frameworks",
					"$(inherited)",
				);
				GCC_PREPROCESSOR_DEFINITIONS = (
					"DEBUG=1",
					"$(inherited)",
				);
				INFOPLIST_FILE = KitchenEngineTests/Info.plist;
				LD_RUNPATH_SEARCH_PATHS = "$(inherited) @executable_path/Frameworks @loader_path/Frameworks";
				PRODUCT_NAME = "$(TARGET_NAME)";
			};
			name = Debug;
		};
		306DE7881A7B74B1003AA55C /* Release */ = {
			isa = XCBuildConfiguration;
			buildSettings = {
				FRAMEWORK_SEARCH_PATHS = (
					"$(SDKROOT)/Developer/Library/Frameworks",
					"$(inherited)",
				);
				INFOPLIST_FILE = KitchenEngineTests/Info.plist;
				LD_RUNPATH_SEARCH_PATHS = "$(inherited) @executable_path/Frameworks @loader_path/Frameworks";
				PRODUCT_NAME = "$(TARGET_NAME)";
			};
			name = Release;
		};
/* End XCBuildConfiguration section */

/* Begin XCConfigurationList section */
		306DE76D1A7B74B1003AA55C /* Build configuration list for PBXProject "KitchenEngine" */ = {
			isa = XCConfigurationList;
			buildConfigurations = (
				306DE7811A7B74B1003AA55C /* Debug */,
				306DE7821A7B74B1003AA55C /* Release */,
			);
			defaultConfigurationIsVisible = 0;
			defaultConfigurationName = Release;
		};
		306DE7831A7B74B1003AA55C /* Build configuration list for PBXNativeTarget "KitchenEngine" */ = {
			isa = XCConfigurationList;
			buildConfigurations = (
				306DE7841A7B74B1003AA55C /* Debug */,
				306DE7851A7B74B1003AA55C /* Release */,
			);
			defaultConfigurationIsVisible = 0;
		};
		306DE7861A7B74B1003AA55C /* Build configuration list for PBXNativeTarget "KitchenEngineTests" */ = {
			isa = XCConfigurationList;
			buildConfigurations = (
				306DE7871A7B74B1003AA55C /* Debug */,
				306DE7881A7B74B1003AA55C /* Release */,
			);
			defaultConfigurationIsVisible = 0;
		};
/* End XCConfigurationList section */
	};
	rootObject = 306DE76A1A7B74B1003AA55C /* Project object */;
}
